// !$*UTF8*$!
{
	archiveVersion = 1;
	classes = {
	};
	objectVersion = 50;
	objects = {

/* Begin PBXBuildFile section */
		DA41C6872681B220009F1038 /* AppDelegate.m in Sources */ = {isa = PBXBuildFile; fileRef = DA41C6862681B220009F1038 /* AppDelegate.m */; };
		DA41C68A2681B220009F1038 /* SceneDelegate.m in Sources */ = {isa = PBXBuildFile; fileRef = DA41C6892681B220009F1038 /* SceneDelegate.m */; };
		DA41C68D2681B220009F1038 /* ViewController.m in Sources */ = {isa = PBXBuildFile; fileRef = DA41C68C2681B220009F1038 /* ViewController.m */; };
		DA41C6902681B220009F1038 /* Main.storyboard in Resources */ = {isa = PBXBuildFile; fileRef = DA41C68E2681B220009F1038 /* Main.storyboard */; };
		DA41C6922681B221009F1038 /* Assets.xcassets in Resources */ = {isa = PBXBuildFile; fileRef = DA41C6912681B221009F1038 /* Assets.xcassets */; };
		DA41C6952681B221009F1038 /* LaunchScreen.storyboard in Resources */ = {isa = PBXBuildFile; fileRef = DA41C6932681B221009F1038 /* LaunchScreen.storyboard */; };
		DA41C6982681B221009F1038 /* main.m in Sources */ = {isa = PBXBuildFile; fileRef = DA41C6972681B221009F1038 /* main.m */; };
		DA41C6A22681B221009F1038 /* BWTreeTests.m in Sources */ = {isa = PBXBuildFile; fileRef = DA41C6A12681B221009F1038 /* BWTreeTests.m */; };
		DA41C6AD2681B221009F1038 /* BWTreeUITests.m in Sources */ = {isa = PBXBuildFile; fileRef = DA41C6AC2681B221009F1038 /* BWTreeUITests.m */; };
		DA41C6BD2681B2AE009F1038 /* BinarySearchTree.m in Sources */ = {isa = PBXBuildFile; fileRef = DA41C6BC2681B2AE009F1038 /* BinarySearchTree.m */; };
/* End PBXBuildFile section */

/* Begin PBXContainerItemProxy section */
		DA41C69E2681B221009F1038 /* PBXContainerItemProxy */ = {
			isa = PBXContainerItemProxy;
			containerPortal = DA41C67A2681B220009F1038 /* Project object */;
			proxyType = 1;
			remoteGlobalIDString = DA41C6812681B220009F1038;
			remoteInfo = BWTree;
		};
		DA41C6A92681B221009F1038 /* PBXContainerItemProxy */ = {
			isa = PBXContainerItemProxy;
			containerPortal = DA41C67A2681B220009F1038 /* Project object */;
			proxyType = 1;
			remoteGlobalIDString = DA41C6812681B220009F1038;
			remoteInfo = BWTree;
		};
/* End PBXContainerItemProxy section */

/* Begin PBXFileReference section */
		DA41C6822681B220009F1038 /* BWTree.app */ = {isa = PBXFileReference; explicitFileType = wrapper.application; includeInIndex = 0; path = BWTree.app; sourceTree = BUILT_PRODUCTS_DIR; };
		DA41C6852681B220009F1038 /* AppDelegate.h */ = {isa = PBXFileReference; lastKnownFileType = sourcecode.c.h; path = AppDelegate.h; sourceTree = "<group>"; };
		DA41C6862681B220009F1038 /* AppDelegate.m */ = {isa = PBXFileReference; lastKnownFileType = sourcecode.c.objc; path = AppDelegate.m; sourceTree = "<group>"; };
		DA41C6882681B220009F1038 /* SceneDelegate.h */ = {isa = PBXFileReference; lastKnownFileType = sourcecode.c.h; path = SceneDelegate.h; sourceTree = "<group>"; };
		DA41C6892681B220009F1038 /* SceneDelegate.m */ = {isa = PBXFileReference; lastKnownFileType = sourcecode.c.objc; path = SceneDelegate.m; sourceTree = "<group>"; };
		DA41C68B2681B220009F1038 /* ViewController.h */ = {isa = PBXFileReference; lastKnownFileType = sourcecode.c.h; path = ViewController.h; sourceTree = "<group>"; };
		DA41C68C2681B220009F1038 /* ViewController.m */ = {isa = PBXFileReference; lastKnownFileType = sourcecode.c.objc; path = ViewController.m; sourceTree = "<group>"; };
		DA41C68F2681B220009F1038 /* Base */ = {isa = PBXFileReference; lastKnownFileType = file.storyboard; name = Base; path = Base.lproj/Main.storyboard; sourceTree = "<group>"; };
		DA41C6912681B221009F1038 /* Assets.xcassets */ = {isa = PBXFileReference; lastKnownFileType = folder.assetcatalog; path = Assets.xcassets; sourceTree = "<group>"; };
		DA41C6942681B221009F1038 /* Base */ = {isa = PBXFileReference; lastKnownFileType = file.storyboard; name = Base; path = Base.lproj/LaunchScreen.storyboard; sourceTree = "<group>"; };
		DA41C6962681B221009F1038 /* Info.plist */ = {isa = PBXFileReference; lastKnownFileType = text.plist.xml; path = Info.plist; sourceTree = "<group>"; };
		DA41C6972681B221009F1038 /* main.m */ = {isa = PBXFileReference; lastKnownFileType = sourcecode.c.objc; path = main.m; sourceTree = "<group>"; };
		DA41C69D2681B221009F1038 /* BWTreeTests.xctest */ = {isa = PBXFileReference; explicitFileType = wrapper.cfbundle; includeInIndex = 0; path = BWTreeTests.xctest; sourceTree = BUILT_PRODUCTS_DIR; };
		DA41C6A12681B221009F1038 /* BWTreeTests.m */ = {isa = PBXFileReference; lastKnownFileType = sourcecode.c.objc; path = BWTreeTests.m; sourceTree = "<group>"; };
		DA41C6A32681B221009F1038 /* Info.plist */ = {isa = PBXFileReference; lastKnownFileType = text.plist.xml; path = Info.plist; sourceTree = "<group>"; };
		DA41C6A82681B221009F1038 /* BWTreeUITests.xctest */ = {isa = PBXFileReference; explicitFileType = wrapper.cfbundle; includeInIndex = 0; path = BWTreeUITests.xctest; sourceTree = BUILT_PRODUCTS_DIR; };
		DA41C6AC2681B221009F1038 /* BWTreeUITests.m */ = {isa = PBXFileReference; lastKnownFileType = sourcecode.c.objc; path = BWTreeUITests.m; sourceTree = "<group>"; };
		DA41C6AE2681B221009F1038 /* Info.plist */ = {isa = PBXFileReference; lastKnownFileType = text.plist.xml; path = Info.plist; sourceTree = "<group>"; };
		DA41C6BB2681B2AE009F1038 /* BinarySearchTree.h */ = {isa = PBXFileReference; lastKnownFileType = sourcecode.c.h; path = BinarySearchTree.h; sourceTree = "<group>"; };
		DA41C6BC2681B2AE009F1038 /* BinarySearchTree.m */ = {isa = PBXFileReference; lastKnownFileType = sourcecode.c.objc; path = BinarySearchTree.m; sourceTree = "<group>"; };
/* End PBXFileReference section */

/* Begin PBXFrameworksBuildPhase section */
		DA41C67F2681B220009F1038 /* Frameworks */ = {
			isa = PBXFrameworksBuildPhase;
			buildActionMask = 2147483647;
			files = (
			);
			runOnlyForDeploymentPostprocessing = 0;
		};
		DA41C69A2681B221009F1038 /* Frameworks */ = {
			isa = PBXFrameworksBuildPhase;
			buildActionMask = 2147483647;
			files = (
			);
			runOnlyForDeploymentPostprocessing = 0;
		};
		DA41C6A52681B221009F1038 /* Frameworks */ = {
			isa = PBXFrameworksBuildPhase;
			buildActionMask = 2147483647;
			files = (
			);
			runOnlyForDeploymentPostprocessing = 0;
		};
/* End PBXFrameworksBuildPhase section */

/* Begin PBXGroup section */
		DA41C6792681B220009F1038 = {
			isa = PBXGroup;
			children = (
				DA41C6842681B220009F1038 /* BWTree */,
				DA41C6A02681B221009F1038 /* BWTreeTests */,
				DA41C6AB2681B221009F1038 /* BWTreeUITests */,
				DA41C6832681B220009F1038 /* Products */,
			);
			sourceTree = "<group>";
		};
		DA41C6832681B220009F1038 /* Products */ = {
			isa = PBXGroup;
			children = (
				DA41C6822681B220009F1038 /* BWTree.app */,
				DA41C69D2681B221009F1038 /* BWTreeTests.xctest */,
				DA41C6A82681B221009F1038 /* BWTreeUITests.xctest */,
			);
			name = Products;
			sourceTree = "<group>";
		};
		DA41C6842681B220009F1038 /* BWTree */ = {
			isa = PBXGroup;
			children = (
				DA41C6BA2681B27D009F1038 /* BWTree */,
				DA41C6852681B220009F1038 /* AppDelegate.h */,
				DA41C6862681B220009F1038 /* AppDelegate.m */,
				DA41C6882681B220009F1038 /* SceneDelegate.h */,
				DA41C6892681B220009F1038 /* SceneDelegate.m */,
				DA41C68B2681B220009F1038 /* ViewController.h */,
				DA41C68C2681B220009F1038 /* ViewController.m */,
				DA41C68E2681B220009F1038 /* Main.storyboard */,
				DA41C6912681B221009F1038 /* Assets.xcassets */,
				DA41C6932681B221009F1038 /* LaunchScreen.storyboard */,
				DA41C6962681B221009F1038 /* Info.plist */,
				DA41C6972681B221009F1038 /* main.m */,
			);
			path = BWTree;
			sourceTree = "<group>";
		};
		DA41C6A02681B221009F1038 /* BWTreeTests */ = {
			isa = PBXGroup;
			children = (
				DA41C6A12681B221009F1038 /* BWTreeTests.m */,
				DA41C6A32681B221009F1038 /* Info.plist */,
			);
			path = BWTreeTests;
			sourceTree = "<group>";
		};
		DA41C6AB2681B221009F1038 /* BWTreeUITests */ = {
			isa = PBXGroup;
			children = (
				DA41C6AC2681B221009F1038 /* BWTreeUITests.m */,
				DA41C6AE2681B221009F1038 /* Info.plist */,
			);
			path = BWTreeUITests;
			sourceTree = "<group>";
		};
		DA41C6BA2681B27D009F1038 /* BWTree */ = {
			isa = PBXGroup;
			children = (
				DA41C6BB2681B2AE009F1038 /* BinarySearchTree.h */,
				DA41C6BC2681B2AE009F1038 /* BinarySearchTree.m */,
			);
			path = BWTree;
			sourceTree = "<group>";
		};
/* End PBXGroup section */

/* Begin PBXNativeTarget section */
		DA41C6812681B220009F1038 /* BWTree */ = {
			isa = PBXNativeTarget;
			buildConfigurationList = DA41C6B12681B221009F1038 /* Build configuration list for PBXNativeTarget "BWTree" */;
			buildPhases = (
				DA41C67E2681B220009F1038 /* Sources */,
				DA41C67F2681B220009F1038 /* Frameworks */,
				DA41C6802681B220009F1038 /* Resources */,
			);
			buildRules = (
			);
			dependencies = (
			);
			name = BWTree;
			productName = BWTree;
			productReference = DA41C6822681B220009F1038 /* BWTree.app */;
			productType = "com.apple.product-type.application";
		};
		DA41C69C2681B221009F1038 /* BWTreeTests */ = {
			isa = PBXNativeTarget;
			buildConfigurationList = DA41C6B42681B221009F1038 /* Build configuration list for PBXNativeTarget "BWTreeTests" */;
			buildPhases = (
				DA41C6992681B221009F1038 /* Sources */,
				DA41C69A2681B221009F1038 /* Frameworks */,
				DA41C69B2681B221009F1038 /* Resources */,
			);
			buildRules = (
			);
			dependencies = (
				DA41C69F2681B221009F1038 /* PBXTargetDependency */,
			);
			name = BWTreeTests;
			productName = BWTreeTests;
			productReference = DA41C69D2681B221009F1038 /* BWTreeTests.xctest */;
			productType = "com.apple.product-type.bundle.unit-test";
		};
		DA41C6A72681B221009F1038 /* BWTreeUITests */ = {
			isa = PBXNativeTarget;
			buildConfigurationList = DA41C6B72681B221009F1038 /* Build configuration list for PBXNativeTarget "BWTreeUITests" */;
			buildPhases = (
				DA41C6A42681B221009F1038 /* Sources */,
				DA41C6A52681B221009F1038 /* Frameworks */,
				DA41C6A62681B221009F1038 /* Resources */,
			);
			buildRules = (
			);
			dependencies = (
				DA41C6AA2681B221009F1038 /* PBXTargetDependency */,
			);
			name = BWTreeUITests;
			productName = BWTreeUITests;
			productReference = DA41C6A82681B221009F1038 /* BWTreeUITests.xctest */;
			productType = "com.apple.product-type.bundle.ui-testing";
		};
/* End PBXNativeTarget section */

/* Begin PBXProject section */
		DA41C67A2681B220009F1038 /* Project object */ = {
			isa = PBXProject;
			attributes = {
				LastUpgradeCheck = 1250;
				TargetAttributes = {
					DA41C6812681B220009F1038 = {
						CreatedOnToolsVersion = 12.5;
					};
					DA41C69C2681B221009F1038 = {
						CreatedOnToolsVersion = 12.5;
						TestTargetID = DA41C6812681B220009F1038;
					};
					DA41C6A72681B221009F1038 = {
						CreatedOnToolsVersion = 12.5;
						TestTargetID = DA41C6812681B220009F1038;
					};
				};
			};
			buildConfigurationList = DA41C67D2681B220009F1038 /* Build configuration list for PBXProject "BWTree" */;
			compatibilityVersion = "Xcode 9.3";
			developmentRegion = en;
			hasScannedForEncodings = 0;
			knownRegions = (
				en,
				Base,
			);
			mainGroup = DA41C6792681B220009F1038;
			productRefGroup = DA41C6832681B220009F1038 /* Products */;
			projectDirPath = "";
			projectRoot = "";
			targets = (
				DA41C6812681B220009F1038 /* BWTree */,
				DA41C69C2681B221009F1038 /* BWTreeTests */,
				DA41C6A72681B221009F1038 /* BWTreeUITests */,
			);
		};
/* End PBXProject section */

/* Begin PBXResourcesBuildPhase section */
		DA41C6802681B220009F1038 /* Resources */ = {
			isa = PBXResourcesBuildPhase;
			buildActionMask = 2147483647;
			files = (
				DA41C6952681B221009F1038 /* LaunchScreen.storyboard in Resources */,
				DA41C6922681B221009F1038 /* Assets.xcassets in Resources */,
				DA41C6902681B220009F1038 /* Main.storyboard in Resources */,
			);
			runOnlyForDeploymentPostprocessing = 0;
		};
		DA41C69B2681B221009F1038 /* Resources */ = {
			isa = PBXResourcesBuildPhase;
			buildActionMask = 2147483647;
			files = (
			);
			runOnlyForDeploymentPostprocessing = 0;
		};
		DA41C6A62681B221009F1038 /* Resources */ = {
			isa = PBXResourcesBuildPhase;
			buildActionMask = 2147483647;
			files = (
			);
			runOnlyForDeploymentPostprocessing = 0;
		};
/* End PBXResourcesBuildPhase section */

/* Begin PBXSourcesBuildPhase section */
		DA41C67E2681B220009F1038 /* Sources */ = {
			isa = PBXSourcesBuildPhase;
			buildActionMask = 2147483647;
			files = (
				DA41C68D2681B220009F1038 /* ViewController.m in Sources */,
				DA41C6872681B220009F1038 /* AppDelegate.m in Sources */,
				DA41C6982681B221009F1038 /* main.m in Sources */,
				DA41C6BD2681B2AE009F1038 /* BinarySearchTree.m in Sources */,
				DA41C68A2681B220009F1038 /* SceneDelegate.m in Sources */,
			);
			runOnlyForDeploymentPostprocessing = 0;
		};
		DA41C6992681B221009F1038 /* Sources */ = {
			isa = PBXSourcesBuildPhase;
			buildActionMask = 2147483647;
			files = (
				DA41C6A22681B221009F1038 /* BWTreeTests.m in Sources */,
			);
			runOnlyForDeploymentPostprocessing = 0;
		};
		DA41C6A42681B221009F1038 /* Sources */ = {
			isa = PBXSourcesBuildPhase;
			buildActionMask = 2147483647;
			files = (
				DA41C6AD2681B221009F1038 /* BWTreeUITests.m in Sources */,
			);
			runOnlyForDeploymentPostprocessing = 0;
		};
/* End PBXSourcesBuildPhase section */

/* Begin PBXTargetDependency section */
		DA41C69F2681B221009F1038 /* PBXTargetDependency */ = {
			isa = PBXTargetDependency;
			target = DA41C6812681B220009F1038 /* BWTree */;
			targetProxy = DA41C69E2681B221009F1038 /* PBXContainerItemProxy */;
		};
		DA41C6AA2681B221009F1038 /* PBXTargetDependency */ = {
			isa = PBXTargetDependency;
			target = DA41C6812681B220009F1038 /* BWTree */;
			targetProxy = DA41C6A92681B221009F1038 /* PBXContainerItemProxy */;
		};
/* End PBXTargetDependency section */

/* Begin PBXVariantGroup section */
		DA41C68E2681B220009F1038 /* Main.storyboard */ = {
			isa = PBXVariantGroup;
			children = (
				DA41C68F2681B220009F1038 /* Base */,
			);
			name = Main.storyboard;
			sourceTree = "<group>";
		};
		DA41C6932681B221009F1038 /* LaunchScreen.storyboard */ = {
			isa = PBXVariantGroup;
			children = (
				DA41C6942681B221009F1038 /* Base */,
			);
			name = LaunchScreen.storyboard;
			sourceTree = "<group>";
		};
/* End PBXVariantGroup section */

/* Begin XCBuildConfiguration section */
		DA41C6AF2681B221009F1038 /* Debug */ = {
			isa = XCBuildConfiguration;
			buildSettings = {
				ALWAYS_SEARCH_USER_PATHS = NO;
				CLANG_ANALYZER_NONNULL = YES;
				CLANG_ANALYZER_NUMBER_OBJECT_CONVERSION = YES_AGGRESSIVE;
				CLANG_CXX_LANGUAGE_STANDARD = "gnu++14";
				CLANG_CXX_LIBRARY = "libc++";
				CLANG_ENABLE_MODULES = YES;
				CLANG_ENABLE_OBJC_ARC = YES;
				CLANG_ENABLE_OBJC_WEAK = YES;
				CLANG_WARN_BLOCK_CAPTURE_AUTORELEASING = YES;
				CLANG_WARN_BOOL_CONVERSION = YES;
				CLANG_WARN_COMMA = YES;
				CLANG_WARN_CONSTANT_CONVERSION = YES;
				CLANG_WARN_DEPRECATED_OBJC_IMPLEMENTATIONS = YES;
				CLANG_WARN_DIRECT_OBJC_ISA_USAGE = YES_ERROR;
				CLANG_WARN_DOCUMENTATION_COMMENTS = YES;
				CLANG_WARN_EMPTY_BODY = YES;
				CLANG_WARN_ENUM_CONVERSION = YES;
				CLANG_WARN_INFINITE_RECURSION = YES;
				CLANG_WARN_INT_CONVERSION = YES;
				CLANG_WARN_NON_LITERAL_NULL_CONVERSION = YES;
				CLANG_WARN_OBJC_IMPLICIT_RETAIN_SELF = YES;
				CLANG_WARN_OBJC_LITERAL_CONVERSION = YES;
				CLANG_WARN_OBJC_ROOT_CLASS = YES_ERROR;
				CLANG_WARN_QUOTED_INCLUDE_IN_FRAMEWORK_HEADER = YES;
				CLANG_WARN_RANGE_LOOP_ANALYSIS = YES;
				CLANG_WARN_STRICT_PROTOTYPES = YES;
				CLANG_WARN_SUSPICIOUS_MOVE = YES;
				CLANG_WARN_UNGUARDED_AVAILABILITY = YES_AGGRESSIVE;
				CLANG_WARN_UNREACHABLE_CODE = YES;
				CLANG_WARN__DUPLICATE_METHOD_MATCH = YES;
				COPY_PHASE_STRIP = NO;
				DEBUG_INFORMATION_FORMAT = dwarf;
				ENABLE_STRICT_OBJC_MSGSEND = YES;
				ENABLE_TESTABILITY = YES;
				GCC_C_LANGUAGE_STANDARD = gnu11;
				GCC_DYNAMIC_NO_PIC = NO;
				GCC_NO_COMMON_BLOCKS = YES;
				GCC_OPTIMIZATION_LEVEL = 0;
				GCC_PREPROCESSOR_DEFINITIONS = (
					"DEBUG=1",
					"$(inherited)",
				);
				GCC_WARN_64_TO_32_BIT_CONVERSION = YES;
				GCC_WARN_ABOUT_RETURN_TYPE = YES_ERROR;
				GCC_WARN_UNDECLARED_SELECTOR = YES;
				GCC_WARN_UNINITIALIZED_AUTOS = YES_AGGRESSIVE;
				GCC_WARN_UNUSED_FUNCTION = YES;
				GCC_WARN_UNUSED_VARIABLE = YES;
				IPHONEOS_DEPLOYMENT_TARGET = 14.5;
				MTL_ENABLE_DEBUG_INFO = INCLUDE_SOURCE;
				MTL_FAST_MATH = YES;
				ONLY_ACTIVE_ARCH = YES;
				SDKROOT = iphoneos;
			};
			name = Debug;
		};
		DA41C6B02681B221009F1038 /* Release */ = {
			isa = XCBuildConfiguration;
			buildSettings = {
				ALWAYS_SEARCH_USER_PATHS = NO;
				CLANG_ANALYZER_NONNULL = YES;
				CLANG_ANALYZER_NUMBER_OBJECT_CONVERSION = YES_AGGRESSIVE;
				CLANG_CXX_LANGUAGE_STANDARD = "gnu++14";
				CLANG_CXX_LIBRARY = "libc++";
				CLANG_ENABLE_MODULES = YES;
				CLANG_ENABLE_OBJC_ARC = YES;
				CLANG_ENABLE_OBJC_WEAK = YES;
				CLANG_WARN_BLOCK_CAPTURE_AUTORELEASING = YES;
				CLANG_WARN_BOOL_CONVERSION = YES;
				CLANG_WARN_COMMA = YES;
				CLANG_WARN_CONSTANT_CONVERSION = YES;
				CLANG_WARN_DEPRECATED_OBJC_IMPLEMENTATIONS = YES;
				CLANG_WARN_DIRECT_OBJC_ISA_USAGE = YES_ERROR;
				CLANG_WARN_DOCUMENTATION_COMMENTS = YES;
				CLANG_WARN_EMPTY_BODY = YES;
				CLANG_WARN_ENUM_CONVERSION = YES;
				CLANG_WARN_INFINITE_RECURSION = YES;
				CLANG_WARN_INT_CONVERSION = YES;
				CLANG_WARN_NON_LITERAL_NULL_CONVERSION = YES;
				CLANG_WARN_OBJC_IMPLICIT_RETAIN_SELF = YES;
				CLANG_WARN_OBJC_LITERAL_CONVERSION = YES;
				CLANG_WARN_OBJC_ROOT_CLASS = YES_ERROR;
				CLANG_WARN_QUOTED_INCLUDE_IN_FRAMEWORK_HEADER = YES;
				CLANG_WARN_RANGE_LOOP_ANALYSIS = YES;
				CLANG_WARN_STRICT_PROTOTYPES = YES;
				CLANG_WARN_SUSPICIOUS_MOVE = YES;
				CLANG_WARN_UNGUARDED_AVAILABILITY = YES_AGGRESSIVE;
				CLANG_WARN_UNREACHABLE_CODE = YES;
				CLANG_WARN__DUPLICATE_METHOD_MATCH = YES;
				COPY_PHASE_STRIP = NO;
				DEBUG_INFORMATION_FORMAT = "dwarf-with-dsym";
				ENABLE_NS_ASSERTIONS = NO;
				ENABLE_STRICT_OBJC_MSGSEND = YES;
				GCC_C_LANGUAGE_STANDARD = gnu11;
				GCC_NO_COMMON_BLOCKS = YES;
				GCC_WARN_64_TO_32_BIT_CONVERSION = YES;
				GCC_WARN_ABOUT_RETURN_TYPE = YES_ERROR;
				GCC_WARN_UNDECLARED_SELECTOR = YES;
				GCC_WARN_UNINITIALIZED_AUTOS = YES_AGGRESSIVE;
				GCC_WARN_UNUSED_FUNCTION = YES;
				GCC_WARN_UNUSED_VARIABLE = YES;
				IPHONEOS_DEPLOYMENT_TARGET = 14.5;
				MTL_ENABLE_DEBUG_INFO = NO;
				MTL_FAST_MATH = YES;
				SDKROOT = iphoneos;
				VALIDATE_PRODUCT = YES;
			};
			name = Release;
		};
		DA41C6B22681B221009F1038 /* Debug */ = {
			isa = XCBuildConfiguration;
			buildSettings = {
				ASSETCATALOG_COMPILER_APPICON_NAME = AppIcon;
				ASSETCATALOG_COMPILER_GLOBAL_ACCENT_COLOR_NAME = AccentColor;
				CODE_SIGN_STYLE = Automatic;
				DEVELOPMENT_TEAM = 6747MGQ837;
				INFOPLIST_FILE = BWTree/Info.plist;
				LD_RUNPATH_SEARCH_PATHS = (
					"$(inherited)",
					"@executable_path/Frameworks",
				);
				PRODUCT_BUNDLE_IDENTIFIER = bbw.BWTree;
				PRODUCT_NAME = "$(TARGET_NAME)";
				TARGETED_DEVICE_FAMILY = "1,2";
			};
			name = Debug;
		};
		DA41C6B32681B221009F1038 /* Release */ = {
			isa = XCBuildConfiguration;
			buildSettings = {
				ASSETCATALOG_COMPILER_APPICON_NAME = AppIcon;
				ASSETCATALOG_COMPILER_GLOBAL_ACCENT_COLOR_NAME = AccentColor;
				CODE_SIGN_STYLE = Automatic;
				DEVELOPMENT_TEAM = 6747MGQ837;
				INFOPLIST_FILE = BWTree/Info.plist;
				LD_RUNPATH_SEARCH_PATHS = (
					"$(inherited)",
					"@executable_path/Frameworks",
				);
				PRODUCT_BUNDLE_IDENTIFIER = bbw.BWTree;
				PRODUCT_NAME = "$(TARGET_NAME)";
				TARGETED_DEVICE_FAMILY = "1,2";
			};
			name = Release;
		};
		DA41C6B52681B221009F1038 /* Debug */ = {
			isa = XCBuildConfiguration;
			buildSettings = {
				BUNDLE_LOADER = "$(TEST_HOST)";
				CODE_SIGN_STYLE = Automatic;
				DEVELOPMENT_TEAM = 6747MGQ837;
				INFOPLIST_FILE = BWTreeTests/Info.plist;
				IPHONEOS_DEPLOYMENT_TARGET = 14.5;
				LD_RUNPATH_SEARCH_PATHS = (
					"$(inherited)",
					"@executable_path/Frameworks",
					"@loader_path/Frameworks",
				);
				PRODUCT_BUNDLE_IDENTIFIER = bbw.BWTreeTests;
				PRODUCT_NAME = "$(TARGET_NAME)";
				TARGETED_DEVICE_FAMILY = "1,2";
				TEST_HOST = "$(BUILT_PRODUCTS_DIR)/BWTree.app/BWTree";
			};
			name = Debug;
		};
		DA41C6B62681B221009F1038 /* Release */ = {
			isa = XCBuildConfiguration;
			buildSettings = {
				BUNDLE_LOADER = "$(TEST_HOST)";
				CODE_SIGN_STYLE = Automatic;
				DEVELOPMENT_TEAM = 6747MGQ837;
				INFOPLIST_FILE = BWTreeTests/Info.plist;
				IPHONEOS_DEPLOYMENT_TARGET = 14.5;
				LD_RUNPATH_SEARCH_PATHS = (
					"$(inherited)",
					"@executable_path/Frameworks",
					"@loader_path/Frameworks",
				);
				PRODUCT_BUNDLE_IDENTIFIER = bbw.BWTreeTests;
				PRODUCT_NAME = "$(TARGET_NAME)";
				TARGETED_DEVICE_FAMILY = "1,2";
				TEST_HOST = "$(BUILT_PRODUCTS_DIR)/BWTree.app/BWTree";
			};
			name = Release;
		};
		DA41C6B82681B221009F1038 /* Debug */ = {
			isa = XCBuildConfiguration;
			buildSettings = {
				CODE_SIGN_STYLE = Automatic;
				DEVELOPMENT_TEAM = 6747MGQ837;
				INFOPLIST_FILE = BWTreeUITests/Info.plist;
				LD_RUNPATH_SEARCH_PATHS = (
					"$(inherited)",
					"@executable_path/Frameworks",
					"@loader_path/Frameworks",
				);
				PRODUCT_BUNDLE_IDENTIFIER = bbw.BWTreeUITests;
				PRODUCT_NAME = "$(TARGET_NAME)";
				TARGETED_DEVICE_FAMILY = "1,2";
				TEST_TARGET_NAME = BWTree;
			};
			name = Debug;
		};
		DA41C6B92681B221009F1038 /* Release */ = {
			isa = XCBuildConfiguration;
			buildSettings = {
				CODE_SIGN_STYLE = Automatic;
				DEVELOPMENT_TEAM = 6747MGQ837;
				INFOPLIST_FILE = BWTreeUITests/Info.plist;
				LD_RUNPATH_SEARCH_PATHS = (
					"$(inherited)",
					"@executable_path/Frameworks",
					"@loader_path/Frameworks",
				);
				PRODUCT_BUNDLE_IDENTIFIER = bbw.BWTreeUITests;
				PRODUCT_NAME = "$(TARGET_NAME)";
				TARGETED_DEVICE_FAMILY = "1,2";
				TEST_TARGET_NAME = BWTree;
			};
			name = Release;
		};
/* End XCBuildConfiguration section */

/* Begin XCConfigurationList section */
		DA41C67D2681B220009F1038 /* Build configuration list for PBXProject "BWTree" */ = {
			isa = XCConfigurationList;
			buildConfigurations = (
				DA41C6AF2681B221009F1038 /* Debug */,
				DA41C6B02681B221009F1038 /* Release */,
			);
			defaultConfigurationIsVisible = 0;
			defaultConfigurationName = Release;
		};
		DA41C6B12681B221009F1038 /* Build configuration list for PBXNativeTarget "BWTree" */ = {
			isa = XCConfigurationList;
			buildConfigurations = (
				DA41C6B22681B221009F1038 /* Debug */,
				DA41C6B32681B221009F1038 /* Release */,
			);
			defaultConfigurationIsVisible = 0;
			defaultConfigurationName = Release;
		};
		DA41C6B42681B221009F1038 /* Build configuration list for PBXNativeTarget "BWTreeTests" */ = {
			isa = XCConfigurationList;
			buildConfigurations = (
				DA41C6B52681B221009F1038 /* Debug */,
				DA41C6B62681B221009F1038 /* Release */,
			);
			defaultConfigurationIsVisible = 0;
			defaultConfigurationName = Release;
		};
		DA41C6B72681B221009F1038 /* Build configuration list for PBXNativeTarget "BWTreeUITests" */ = {
			isa = XCConfigurationList;
			buildConfigurations = (
				DA41C6B82681B221009F1038 /* Debug */,
				DA41C6B92681B221009F1038 /* Release */,
			);
			defaultConfigurationIsVisible = 0;
			defaultConfigurationName = Release;
		};
/* End XCConfigurationList section */
	};
	rootObject = DA41C67A2681B220009F1038 /* Project object */;
}
